// !$*UTF8*$!
{
	archiveVersion = 1;
	classes = {
	};
	objectVersion = 56;
	objects = {

/* Begin PBXBuildFile section */
		B26633572B9F587200CF0A9E /* SearchMicro.docc in Sources */ = {isa = PBXBuildFile; fileRef = B26633562B9F587200CF0A9E /* SearchMicro.docc */; };
		B266335D2B9F587200CF0A9E /* SearchMicro.framework in Frameworks */ = {isa = PBXBuildFile; fileRef = B26633522B9F587200CF0A9E /* SearchMicro.framework */; };
		B26633622B9F587200CF0A9E /* SearchMicroTests.swift in Sources */ = {isa = PBXBuildFile; fileRef = B26633612B9F587200CF0A9E /* SearchMicroTests.swift */; };
		B266336D2B9F58A500CF0A9E /* SearchView.swift in Sources */ = {isa = PBXBuildFile; fileRef = B266336C2B9F58A500CF0A9E /* SearchView.swift */; };
		B26633AF2B9F68A800CF0A9E /* SearchNavigationView.swift in Sources */ = {isa = PBXBuildFile; fileRef = B26633AE2B9F68A800CF0A9E /* SearchNavigationView.swift */; };
		B26634EC2B9FAB5000CF0A9E /* SearchRouter.swift in Sources */ = {isa = PBXBuildFile; fileRef = B26634EB2B9FAB5000CF0A9E /* SearchRouter.swift */; };
		B26634EF2B9FAB7000CF0A9E /* SearchNavigationViewModel.swift in Sources */ = {isa = PBXBuildFile; fileRef = B26634EE2B9FAB7000CF0A9E /* SearchNavigationViewModel.swift */; };
		B26634F22B9FAC5200CF0A9E /* SearchViewModel.swift in Sources */ = {isa = PBXBuildFile; fileRef = B26634F12B9FAC5200CF0A9E /* SearchViewModel.swift */; };
/* End PBXBuildFile section */

/* Begin PBXContainerItemProxy section */
		B266335E2B9F587200CF0A9E /* PBXContainerItemProxy */ = {
			isa = PBXContainerItemProxy;
			containerPortal = B26633492B9F587200CF0A9E /* Project object */;
			proxyType = 1;
			remoteGlobalIDString = B26633512B9F587200CF0A9E;
			remoteInfo = SearchMicro;
		};
/* End PBXContainerItemProxy section */

/* Begin PBXFileReference section */
		B26633522B9F587200CF0A9E /* SearchMicro.framework */ = {isa = PBXFileReference; explicitFileType = wrapper.framework; includeInIndex = 0; path = SearchMicro.framework; sourceTree = BUILT_PRODUCTS_DIR; };
		B26633562B9F587200CF0A9E /* SearchMicro.docc */ = {isa = PBXFileReference; lastKnownFileType = folder.documentationcatalog; path = SearchMicro.docc; sourceTree = "<group>"; };
		B266335C2B9F587200CF0A9E /* SearchMicroTests.xctest */ = {isa = PBXFileReference; explicitFileType = wrapper.cfbundle; includeInIndex = 0; path = SearchMicroTests.xctest; sourceTree = BUILT_PRODUCTS_DIR; };
		B26633612B9F587200CF0A9E /* SearchMicroTests.swift */ = {isa = PBXFileReference; lastKnownFileType = sourcecode.swift; path = SearchMicroTests.swift; sourceTree = "<group>"; };
		B266336C2B9F58A500CF0A9E /* SearchView.swift */ = {isa = PBXFileReference; lastKnownFileType = sourcecode.swift; path = SearchView.swift; sourceTree = "<group>"; };
		B26633AE2B9F68A800CF0A9E /* SearchNavigationView.swift */ = {isa = PBXFileReference; lastKnownFileType = sourcecode.swift; path = SearchNavigationView.swift; sourceTree = "<group>"; };
		B26634EB2B9FAB5000CF0A9E /* SearchRouter.swift */ = {isa = PBXFileReference; lastKnownFileType = sourcecode.swift; path = SearchRouter.swift; sourceTree = "<group>"; };
		B26634EE2B9FAB7000CF0A9E /* SearchNavigationViewModel.swift */ = {isa = PBXFileReference; lastKnownFileType = sourcecode.swift; path = SearchNavigationViewModel.swift; sourceTree = "<group>"; };
		B26634F12B9FAC5200CF0A9E /* SearchViewModel.swift */ = {isa = PBXFileReference; lastKnownFileType = sourcecode.swift; path = SearchViewModel.swift; sourceTree = "<group>"; };
/* End PBXFileReference section */

/* Begin PBXFrameworksBuildPhase section */
		B266334F2B9F587200CF0A9E /* Frameworks */ = {
			isa = PBXFrameworksBuildPhase;
			buildActionMask = 2147483647;
			files = (
			);
			runOnlyForDeploymentPostprocessing = 0;
		};
		B26633592B9F587200CF0A9E /* Frameworks */ = {
			isa = PBXFrameworksBuildPhase;
			buildActionMask = 2147483647;
			files = (
				B266335D2B9F587200CF0A9E /* SearchMicro.framework in Frameworks */,
			);
			runOnlyForDeploymentPostprocessing = 0;
		};
/* End PBXFrameworksBuildPhase section */

/* Begin PBXGroup section */
		B26633482B9F587200CF0A9E = {
			isa = PBXGroup;
			children = (
				B26633542B9F587200CF0A9E /* SearchMicro */,
				B26633602B9F587200CF0A9E /* SearchMicroTests */,
				B26633532B9F587200CF0A9E /* Products */,
			);
			sourceTree = "<group>";
		};
		B26633532B9F587200CF0A9E /* Products */ = {
			isa = PBXGroup;
			children = (
				B26633522B9F587200CF0A9E /* SearchMicro.framework */,
				B266335C2B9F587200CF0A9E /* SearchMicroTests.xctest */,
			);
			name = Products;
			sourceTree = "<group>";
		};
		B26633542B9F587200CF0A9E /* SearchMicro */ = {
			isa = PBXGroup;
			children = (
				B26633AD2B9F687800CF0A9E /* SearchNavigation */,
				B26633562B9F587200CF0A9E /* SearchMicro.docc */,
				B26633AC2B9F686600CF0A9E /* SearchView */,
			);
			path = SearchMicro;
			sourceTree = "<group>";
		};
		B26633602B9F587200CF0A9E /* SearchMicroTests */ = {
			isa = PBXGroup;
			children = (
				B26633612B9F587200CF0A9E /* SearchMicroTests.swift */,
			);
			path = SearchMicroTests;
			sourceTree = "<group>";
		};
		B26633AC2B9F686600CF0A9E /* SearchView */ = {
			isa = PBXGroup;
			children = (
				B266336C2B9F58A500CF0A9E /* SearchView.swift */,
				B26634F12B9FAC5200CF0A9E /* SearchViewModel.swift */,
			);
			path = SearchView;
			sourceTree = "<group>";
		};
		B26633AD2B9F687800CF0A9E /* SearchNavigation */ = {
			isa = PBXGroup;
			children = (
				B26634EA2B9FAB3F00CF0A9E /* Router */,
				B26634ED2B9FAB5600CF0A9E /* Root */,
			);
			path = SearchNavigation;
			sourceTree = "<group>";
		};
		B26634EA2B9FAB3F00CF0A9E /* Router */ = {
			isa = PBXGroup;
			children = (
				B26634EB2B9FAB5000CF0A9E /* SearchRouter.swift */,
			);
			path = Router;
			sourceTree = "<group>";
		};
		B26634ED2B9FAB5600CF0A9E /* Root */ = {
			isa = PBXGroup;
			children = (
				B26633AE2B9F68A800CF0A9E /* SearchNavigationView.swift */,
				B26634EE2B9FAB7000CF0A9E /* SearchNavigationViewModel.swift */,
			);
			path = Root;
			sourceTree = "<group>";
		};
/* End PBXGroup section */

/* Begin PBXHeadersBuildPhase section */
		B266334D2B9F587200CF0A9E /* Headers */ = {
			isa = PBXHeadersBuildPhase;
			buildActionMask = 2147483647;
			files = (
			);
			runOnlyForDeploymentPostprocessing = 0;
		};
/* End PBXHeadersBuildPhase section */

/* Begin PBXNativeTarget section */
		B26633512B9F587200CF0A9E /* SearchMicro */ = {
			isa = PBXNativeTarget;
			buildConfigurationList = B26633662B9F587200CF0A9E /* Build configuration list for PBXNativeTarget "SearchMicro" */;
			buildPhases = (
				B266334D2B9F587200CF0A9E /* Headers */,
				B266334E2B9F587200CF0A9E /* Sources */,
				B266334F2B9F587200CF0A9E /* Frameworks */,
				B26633502B9F587200CF0A9E /* Resources */,
			);
			buildRules = (
			);
			dependencies = (
			);
			name = SearchMicro;
			productName = SearchMicro;
			productReference = B26633522B9F587200CF0A9E /* SearchMicro.framework */;
			productType = "com.apple.product-type.framework";
		};
		B266335B2B9F587200CF0A9E /* SearchMicroTests */ = {
			isa = PBXNativeTarget;
			buildConfigurationList = B26633692B9F587200CF0A9E /* Build configuration list for PBXNativeTarget "SearchMicroTests" */;
			buildPhases = (
				B26633582B9F587200CF0A9E /* Sources */,
				B26633592B9F587200CF0A9E /* Frameworks */,
				B266335A2B9F587200CF0A9E /* Resources */,
			);
			buildRules = (
			);
			dependencies = (
				B266335F2B9F587200CF0A9E /* PBXTargetDependency */,
			);
			name = SearchMicroTests;
			productName = SearchMicroTests;
			productReference = B266335C2B9F587200CF0A9E /* SearchMicroTests.xctest */;
			productType = "com.apple.product-type.bundle.unit-test";
		};
/* End PBXNativeTarget section */

/* Begin PBXProject section */
		B26633492B9F587200CF0A9E /* Project object */ = {
			isa = PBXProject;
			attributes = {
				BuildIndependentTargetsInParallel = 1;
				LastSwiftUpdateCheck = 1520;
				LastUpgradeCheck = 1520;
				TargetAttributes = {
					B26633512B9F587200CF0A9E = {
						CreatedOnToolsVersion = 15.2;
					};
					B266335B2B9F587200CF0A9E = {
						CreatedOnToolsVersion = 15.2;
					};
				};
			};
			buildConfigurationList = B266334C2B9F587200CF0A9E /* Build configuration list for PBXProject "SearchMicro" */;
			compatibilityVersion = "Xcode 14.0";
			developmentRegion = en;
			hasScannedForEncodings = 0;
			knownRegions = (
				en,
				Base,
			);
			mainGroup = B26633482B9F587200CF0A9E;
			productRefGroup = B26633532B9F587200CF0A9E /* Products */;
			projectDirPath = "";
			projectRoot = "";
			targets = (
				B26633512B9F587200CF0A9E /* SearchMicro */,
				B266335B2B9F587200CF0A9E /* SearchMicroTests */,
			);
		};
/* End PBXProject section */

/* Begin PBXResourcesBuildPhase section */
		B26633502B9F587200CF0A9E /* Resources */ = {
			isa = PBXResourcesBuildPhase;
			buildActionMask = 2147483647;
			files = (
			);
			runOnlyForDeploymentPostprocessing = 0;
		};
		B266335A2B9F587200CF0A9E /* Resources */ = {
			isa = PBXResourcesBuildPhase;
			buildActionMask = 2147483647;
			files = (
			);
			runOnlyForDeploymentPostprocessing = 0;
		};
/* End PBXResourcesBuildPhase section */

/* Begin PBXSourcesBuildPhase section */
		B266334E2B9F587200CF0A9E /* Sources */ = {
			isa = PBXSourcesBuildPhase;
			buildActionMask = 2147483647;
			files = (
				B26634F22B9FAC5200CF0A9E /* SearchViewModel.swift in Sources */,
				B26634EF2B9FAB7000CF0A9E /* SearchNavigationViewModel.swift in Sources */,
				B26634EC2B9FAB5000CF0A9E /* SearchRouter.swift in Sources */,
				B266336D2B9F58A500CF0A9E /* SearchView.swift in Sources */,
				B26633572B9F587200CF0A9E /* SearchMicro.docc in Sources */,
				B26633AF2B9F68A800CF0A9E /* SearchNavigationView.swift in Sources */,
			);
			runOnlyForDeploymentPostprocessing = 0;
		};
		B26633582B9F587200CF0A9E /* Sources */ = {
			isa = PBXSourcesBuildPhase;
			buildActionMask = 2147483647;
			files = (
				B26633622B9F587200CF0A9E /* SearchMicroTests.swift in Sources */,
			);
			runOnlyForDeploymentPostprocessing = 0;
		};
/* End PBXSourcesBuildPhase section */

/* Begin PBXTargetDependency section */
		B266335F2B9F587200CF0A9E /* PBXTargetDependency */ = {
			isa = PBXTargetDependency;
			target = B26633512B9F587200CF0A9E /* SearchMicro */;
			targetProxy = B266335E2B9F587200CF0A9E /* PBXContainerItemProxy */;
		};
/* End PBXTargetDependency section */

/* Begin XCBuildConfiguration section */
		B26633642B9F587200CF0A9E /* Debug */ = {
			isa = XCBuildConfiguration;
			buildSettings = {
				ALWAYS_SEARCH_USER_PATHS = NO;
				ASSETCATALOG_COMPILER_GENERATE_SWIFT_ASSET_SYMBOL_EXTENSIONS = YES;
				CLANG_ANALYZER_NONNULL = YES;
				CLANG_ANALYZER_NUMBER_OBJECT_CONVERSION = YES_AGGRESSIVE;
				CLANG_CXX_LANGUAGE_STANDARD = "gnu++20";
				CLANG_ENABLE_MODULES = YES;
				CLANG_ENABLE_OBJC_ARC = YES;
				CLANG_ENABLE_OBJC_WEAK = YES;
				CLANG_WARN_BLOCK_CAPTURE_AUTORELEASING = YES;
				CLANG_WARN_BOOL_CONVERSION = YES;
				CLANG_WARN_COMMA = YES;
				CLANG_WARN_CONSTANT_CONVERSION = YES;
				CLANG_WARN_DEPRECATED_OBJC_IMPLEMENTATIONS = YES;
				CLANG_WARN_DIRECT_OBJC_ISA_USAGE = YES_ERROR;
				CLANG_WARN_DOCUMENTATION_COMMENTS = YES;
				CLANG_WARN_EMPTY_BODY = YES;
				CLANG_WARN_ENUM_CONVERSION = YES;
				CLANG_WARN_INFINITE_RECURSION = YES;
				CLANG_WARN_INT_CONVERSION = YES;
				CLANG_WARN_NON_LITERAL_NULL_CONVERSION = YES;
				CLANG_WARN_OBJC_IMPLICIT_RETAIN_SELF = YES;
				CLANG_WARN_OBJC_LITERAL_CONVERSION = YES;
				CLANG_WARN_OBJC_ROOT_CLASS = YES_ERROR;
				CLANG_WARN_QUOTED_INCLUDE_IN_FRAMEWORK_HEADER = YES;
				CLANG_WARN_RANGE_LOOP_ANALYSIS = YES;
				CLANG_WARN_STRICT_PROTOTYPES = YES;
				CLANG_WARN_SUSPICIOUS_MOVE = YES;
				CLANG_WARN_UNGUARDED_AVAILABILITY = YES_AGGRESSIVE;
				CLANG_WARN_UNREACHABLE_CODE = YES;
				CLANG_WARN__DUPLICATE_METHOD_MATCH = YES;
				COPY_PHASE_STRIP = NO;
				CURRENT_PROJECT_VERSION = 1;
				DEBUG_INFORMATION_FORMAT = dwarf;
				ENABLE_STRICT_OBJC_MSGSEND = YES;
				ENABLE_TESTABILITY = YES;
				ENABLE_USER_SCRIPT_SANDBOXING = YES;
				GCC_C_LANGUAGE_STANDARD = gnu17;
				GCC_DYNAMIC_NO_PIC = NO;
				GCC_NO_COMMON_BLOCKS = YES;
				GCC_OPTIMIZATION_LEVEL = 0;
				GCC_PREPROCESSOR_DEFINITIONS = (
					"DEBUG=1",
					"$(inherited)",
				);
				GCC_WARN_64_TO_32_BIT_CONVERSION = YES;
				GCC_WARN_ABOUT_RETURN_TYPE = YES_ERROR;
				GCC_WARN_UNDECLARED_SELECTOR = YES;
				GCC_WARN_UNINITIALIZED_AUTOS = YES_AGGRESSIVE;
				GCC_WARN_UNUSED_FUNCTION = YES;
				GCC_WARN_UNUSED_VARIABLE = YES;
				IPHONEOS_DEPLOYMENT_TARGET = 17.2;
				LOCALIZATION_PREFERS_STRING_CATALOGS = YES;
				MTL_ENABLE_DEBUG_INFO = INCLUDE_SOURCE;
				MTL_FAST_MATH = YES;
				ONLY_ACTIVE_ARCH = YES;
				SDKROOT = iphoneos;
				SWIFT_ACTIVE_COMPILATION_CONDITIONS = "DEBUG $(inherited)";
				SWIFT_OPTIMIZATION_LEVEL = "-Onone";
				VERSIONING_SYSTEM = "apple-generic";
				VERSION_INFO_PREFIX = "";
			};
			name = Debug;
		};
		B26633652B9F587200CF0A9E /* Release */ = {
			isa = XCBuildConfiguration;
			buildSettings = {
				ALWAYS_SEARCH_USER_PATHS = NO;
				ASSETCATALOG_COMPILER_GENERATE_SWIFT_ASSET_SYMBOL_EXTENSIONS = YES;
				CLANG_ANALYZER_NONNULL = YES;
				CLANG_ANALYZER_NUMBER_OBJECT_CONVERSION = YES_AGGRESSIVE;
				CLANG_CXX_LANGUAGE_STANDARD = "gnu++20";
				CLANG_ENABLE_MODULES = YES;
				CLANG_ENABLE_OBJC_ARC = YES;
				CLANG_ENABLE_OBJC_WEAK = YES;
				CLANG_WARN_BLOCK_CAPTURE_AUTORELEASING = YES;
				CLANG_WARN_BOOL_CONVERSION = YES;
				CLANG_WARN_COMMA = YES;
				CLANG_WARN_CONSTANT_CONVERSION = YES;
				CLANG_WARN_DEPRECATED_OBJC_IMPLEMENTATIONS = YES;
				CLANG_WARN_DIRECT_OBJC_ISA_USAGE = YES_ERROR;
				CLANG_WARN_DOCUMENTATION_COMMENTS = YES;
				CLANG_WARN_EMPTY_BODY = YES;
				CLANG_WARN_ENUM_CONVERSION = YES;
				CLANG_WARN_INFINITE_RECURSION = YES;
				CLANG_WARN_INT_CONVERSION = YES;
				CLANG_WARN_NON_LITERAL_NULL_CONVERSION = YES;
				CLANG_WARN_OBJC_IMPLICIT_RETAIN_SELF = YES;
				CLANG_WARN_OBJC_LITERAL_CONVERSION = YES;
				CLANG_WARN_OBJC_ROOT_CLASS = YES_ERROR;
				CLANG_WARN_QUOTED_INCLUDE_IN_FRAMEWORK_HEADER = YES;
				CLANG_WARN_RANGE_LOOP_ANALYSIS = YES;
				CLANG_WARN_STRICT_PROTOTYPES = YES;
				CLANG_WARN_SUSPICIOUS_MOVE = YES;
				CLANG_WARN_UNGUARDED_AVAILABILITY = YES_AGGRESSIVE;
				CLANG_WARN_UNREACHABLE_CODE = YES;
				CLANG_WARN__DUPLICATE_METHOD_MATCH = YES;
				COPY_PHASE_STRIP = NO;
				CURRENT_PROJECT_VERSION = 1;
				DEBUG_INFORMATION_FORMAT = "dwarf-with-dsym";
				ENABLE_NS_ASSERTIONS = NO;
				ENABLE_STRICT_OBJC_MSGSEND = YES;
				ENABLE_USER_SCRIPT_SANDBOXING = YES;
				GCC_C_LANGUAGE_STANDARD = gnu17;
				GCC_NO_COMMON_BLOCKS = YES;
				GCC_WARN_64_TO_32_BIT_CONVERSION = YES;
				GCC_WARN_ABOUT_RETURN_TYPE = YES_ERROR;
				GCC_WARN_UNDECLARED_SELECTOR = YES;
				GCC_WARN_UNINITIALIZED_AUTOS = YES_AGGRESSIVE;
				GCC_WARN_UNUSED_FUNCTION = YES;
				GCC_WARN_UNUSED_VARIABLE = YES;
				IPHONEOS_DEPLOYMENT_TARGET = 17.2;
				LOCALIZATION_PREFERS_STRING_CATALOGS = YES;
				MTL_ENABLE_DEBUG_INFO = NO;
				MTL_FAST_MATH = YES;
				SDKROOT = iphoneos;
				SWIFT_COMPILATION_MODE = wholemodule;
				VALIDATE_PRODUCT = YES;
				VERSIONING_SYSTEM = "apple-generic";
				VERSION_INFO_PREFIX = "";
			};
			name = Release;
		};
		B26633672B9F587200CF0A9E /* Debug */ = {
			isa = XCBuildConfiguration;
			buildSettings = {
				CODE_SIGN_STYLE = Automatic;
				CURRENT_PROJECT_VERSION = 1;
				DEFINES_MODULE = YES;
				DYLIB_COMPATIBILITY_VERSION = 1;
				DYLIB_CURRENT_VERSION = 1;
				DYLIB_INSTALL_NAME_BASE = "@rpath";
				ENABLE_MODULE_VERIFIER = YES;
				GENERATE_INFOPLIST_FILE = YES;
				INFOPLIST_KEY_NSHumanReadableCopyright = "";
				INSTALL_PATH = "$(LOCAL_LIBRARY_DIR)/Frameworks";
				LD_RUNPATH_SEARCH_PATHS = (
					"$(inherited)",
					"@executable_path/Frameworks",
					"@loader_path/Frameworks",
				);
				MARKETING_VERSION = 1.0;
				MODULE_VERIFIER_SUPPORTED_LANGUAGES = "objective-c objective-c++";
				MODULE_VERIFIER_SUPPORTED_LANGUAGE_STANDARDS = "gnu17 gnu++20";
				PRODUCT_BUNDLE_IDENTIFIER = com.leemccormick.SearchMicro;
				PRODUCT_NAME = "$(TARGET_NAME:c99extidentifier)";
				SKIP_INSTALL = YES;
				SWIFT_EMIT_LOC_STRINGS = YES;
				SWIFT_VERSION = 5.0;
				TARGETED_DEVICE_FAMILY = "1,2";
			};
			name = Debug;
		};
		B26633682B9F587200CF0A9E /* Release */ = {
			isa = XCBuildConfiguration;
			buildSettings = {
				CODE_SIGN_STYLE = Automatic;
				CURRENT_PROJECT_VERSION = 1;
				DEFINES_MODULE = YES;
				DYLIB_COMPATIBILITY_VERSION = 1;
				DYLIB_CURRENT_VERSION = 1;
				DYLIB_INSTALL_NAME_BASE = "@rpath";
				ENABLE_MODULE_VERIFIER = YES;
				GENERATE_INFOPLIST_FILE = YES;
				INFOPLIST_KEY_NSHumanReadableCopyright = "";
				INSTALL_PATH = "$(LOCAL_LIBRARY_DIR)/Frameworks";
				LD_RUNPATH_SEARCH_PATHS = (
					"$(inherited)",
					"@executable_path/Frameworks",
					"@loader_path/Frameworks",
				);
				MARKETING_VERSION = 1.0;
				MODULE_VERIFIER_SUPPORTED_LANGUAGES = "objective-c objective-c++";
				MODULE_VERIFIER_SUPPORTED_LANGUAGE_STANDARDS = "gnu17 gnu++20";
				PRODUCT_BUNDLE_IDENTIFIER = com.leemccormick.SearchMicro;
				PRODUCT_NAME = "$(TARGET_NAME:c99extidentifier)";
				SKIP_INSTALL = YES;
				SWIFT_EMIT_LOC_STRINGS = YES;
				SWIFT_VERSION = 5.0;
				TARGETED_DEVICE_FAMILY = "1,2";
			};
			name = Release;
		};
		B266336A2B9F587200CF0A9E /* Debug */ = {
			isa = XCBuildConfiguration;
			buildSettings = {
				ALWAYS_EMBED_SWIFT_STANDARD_LIBRARIES = YES;
				CODE_SIGN_STYLE = Automatic;
				CURRENT_PROJECT_VERSION = 1;
				GENERATE_INFOPLIST_FILE = YES;
				MARKETING_VERSION = 1.0;
				PRODUCT_BUNDLE_IDENTIFIER = com.leemccormick.SearchMicroTests;
				PRODUCT_NAME = "$(TARGET_NAME)";
				SWIFT_EMIT_LOC_STRINGS = NO;
				SWIFT_VERSION = 5.0;
				TARGETED_DEVICE_FAMILY = "1,2";
			};
			name = Debug;
		};
		B266336B2B9F587200CF0A9E /* Release */ = {
			isa = XCBuildConfiguration;
			buildSettings = {
				ALWAYS_EMBED_SWIFT_STANDARD_LIBRARIES = YES;
				CODE_SIGN_STYLE = Automatic;
				CURRENT_PROJECT_VERSION = 1;
				GENERATE_INFOPLIST_FILE = YES;
				MARKETING_VERSION = 1.0;
				PRODUCT_BUNDLE_IDENTIFIER = com.leemccormick.SearchMicroTests;
				PRODUCT_NAME = "$(TARGET_NAME)";
				SWIFT_EMIT_LOC_STRINGS = NO;
				SWIFT_VERSION = 5.0;
				TARGETED_DEVICE_FAMILY = "1,2";
			};
			name = Release;
		};
/* End XCBuildConfiguration section */

/* Begin XCConfigurationList section */
		B266334C2B9F587200CF0A9E /* Build configuration list for PBXProject "SearchMicro" */ = {
			isa = XCConfigurationList;
			buildConfigurations = (
				B26633642B9F587200CF0A9E /* Debug */,
				B26633652B9F587200CF0A9E /* Release */,
			);
			defaultConfigurationIsVisible = 0;
			defaultConfigurationName = Release;
		};
		B26633662B9F587200CF0A9E /* Build configuration list for PBXNativeTarget "SearchMicro" */ = {
			isa = XCConfigurationList;
			buildConfigurations = (
				B26633672B9F587200CF0A9E /* Debug */,
				B26633682B9F587200CF0A9E /* Release */,
			);
			defaultConfigurationIsVisible = 0;
			defaultConfigurationName = Release;
		};
		B26633692B9F587200CF0A9E /* Build configuration list for PBXNativeTarget "SearchMicroTests" */ = {
			isa = XCConfigurationList;
			buildConfigurations = (
				B266336A2B9F587200CF0A9E /* Debug */,
				B266336B2B9F587200CF0A9E /* Release */,
			);
			defaultConfigurationIsVisible = 0;
			defaultConfigurationName = Release;
		};
/* End XCConfigurationList section */
	};
	rootObject = B26633492B9F587200CF0A9E /* Project object */;
}
