PODS:
  - CommonUI (0.0.1):
    - DataModels (~> 0.0.1)
    - UserData (~> 0.0.1)
  - DataModels (0.0.1)
  - FavoriteMicro (0.0.1)
  - HomeMicro (0.0.1):
    - CommonUI (~> 0.0.1)
    - DataModels (~> 0.0.1)
    - Navigation (~> 0.0.1)
  - Navigation (0.0.1)
  - SearchMicro (0.0.1)
  - TabMicro (0.0.1):
    - FavoriteMicro (~> 0.0.1)
    - HomeMicro (~> 0.0.1)
    - SearchMicro (~> 0.0.1)
  - UserData (0.0.1):
    - DataModels (~> 0.0.1)

DEPENDENCIES:
  - CommonUI (from `./Libraries/Utilities/CommonUI`)
  - DataModels (from `./Libraries/Utilities/DataModels`)
  - FavoriteMicro (from `./Libraries/Modules/FavoriteMicro`)
  - HomeMicro (from `./Libraries/Modules/HomeMicro`)
  - Navigation (from `./Libraries/Utilities/Navigation`)
  - SearchMicro (from `./Libraries/Modules/SearchMicro`)
  - TabMicro (from `./Libraries/Modules/TabMicro`)
  - UserData (from `./Libraries/Utilities/UserData`)

EXTERNAL SOURCES:
  CommonUI:
    :path: "./Libraries/Utilities/CommonUI"
  DataModels:
    :path: "./Libraries/Utilities/DataModels"
  FavoriteMicro:
    :path: "./Libraries/Modules/FavoriteMicro"
  HomeMicro:
    :path: "./Libraries/Modules/HomeMicro"
  Navigation:
    :path: "./Libraries/Utilities/Navigation"
  SearchMicro:
    :path: "./Libraries/Modules/SearchMicro"
  TabMicro:
    :path: "./Libraries/Modules/TabMicro"
  UserData:
    :path: "./Libraries/Utilities/UserData"

SPEC CHECKSUMS:
  CommonUI: eafb053ededa2987216233275d3d4df174531637
  DataModels: 7a8a832ad2eb95452f275bdb9f28266e80b60adc
  FavoriteMicro: ffaa8ee05b40f5714b412cbdde728bc53eefd064
  HomeMicro: 58238be2e2e8ee3eb6f562c2695c3c8339b0f266
  Navigation: 5bb23277c7a254c33dfbda50b67ed7f878c88b24
  SearchMicro: 661966450c8285681d01eceed541e376eb19fa5d
  TabMicro: b58af8fbe81d89df12ed0de5c62181e33a3d1e0b
  UserData: 6666196b7c4cc4aef8cf1fda05d41a071b8cb973

PODFILE CHECKSUM: f365f39fd4c64b1db58192987ffde5163c0e22a9

COCOAPODS: 1.13.0
