PODS:
  - ApiService (0.0.1):
    - DataModels (~> 0.0.1)
  - CommonUI (0.0.1):
    - DataModels (~> 0.0.1)
    - UserData (~> 0.0.1)
  - DataModels (0.0.1)
  - FavoriteMicro (0.0.1)
  - HomeMicro (0.0.1):
    - ApiService (~> 0.0.1)
    - CommonUI (~> 0.0.1)
    - DataModels (~> 0.0.1)
    - Navigation (~> 0.0.1)
  - Navigation (0.0.1)
  - SearchMicro (0.0.1):
    - ApiService (~> 0.0.1)
    - CommonUI (~> 0.0.1)
    - DataModels (~> 0.0.1)
    - Navigation (~> 0.0.1)
  - TabMicro (0.0.1):
    - FavoriteMicro (~> 0.0.1)
    - HomeMicro (~> 0.0.1)
    - SearchMicro (~> 0.0.1)
  - UserData (0.0.1):
    - DataModels (~> 0.0.1)

DEPENDENCIES:
  - ApiService (from `./Libraries/Utilities/ApiService`)
  - CommonUI (from `./Libraries/Utilities/CommonUI`)
  - DataModels (from `./Libraries/Utilities/DataModels`)
  - FavoriteMicro (from `./Libraries/Modules/FavoriteMicro`)
  - HomeMicro (from `./Libraries/Modules/HomeMicro`)
  - Navigation (from `./Libraries/Utilities/Navigation`)
  - SearchMicro (from `./Libraries/Modules/SearchMicro`)
  - TabMicro (from `./Libraries/Modules/TabMicro`)
  - UserData (from `./Libraries/Utilities/UserData`)

EXTERNAL SOURCES:
  ApiService:
    :path: "./Libraries/Utilities/ApiService"
  CommonUI:
    :path: "./Libraries/Utilities/CommonUI"
  DataModels:
    :path: "./Libraries/Utilities/DataModels"
  FavoriteMicro:
    :path: "./Libraries/Modules/FavoriteMicro"
  HomeMicro:
    :path: "./Libraries/Modules/HomeMicro"
  Navigation:
    :path: "./Libraries/Utilities/Navigation"
  SearchMicro:
    :path: "./Libraries/Modules/SearchMicro"
  TabMicro:
    :path: "./Libraries/Modules/TabMicro"
  UserData:
    :path: "./Libraries/Utilities/UserData"

SPEC CHECKSUMS:
  ApiService: 09cc63cbbc7c57bc646954c8691744519f8d1e6d
  CommonUI: eafb053ededa2987216233275d3d4df174531637
  DataModels: 7a8a832ad2eb95452f275bdb9f28266e80b60adc
  FavoriteMicro: ffaa8ee05b40f5714b412cbdde728bc53eefd064
  HomeMicro: ee4acca866702c4b8f29d5f54031f0832ae9f98a
  Navigation: 5bb23277c7a254c33dfbda50b67ed7f878c88b24
  SearchMicro: 1e66474da37f16c6516cf97c4fc12752d88ec757
  TabMicro: b58af8fbe81d89df12ed0de5c62181e33a3d1e0b
  UserData: 6666196b7c4cc4aef8cf1fda05d41a071b8cb973

PODFILE CHECKSUM: 9c17f1f4de20e21ad9af54da0f9306865b41834a

COCOAPODS: 1.13.0
