// !$*UTF8*$!
{
	archiveVersion = 1;
	classes = {
	};
	objectVersion = 56;
	objects = {

/* Begin PBXBuildFile section */
		B2FCB10E2B928A1E00082CE6 /* TabMicro.docc in Sources */ = {isa = PBXBuildFile; fileRef = B2FCB10D2B928A1E00082CE6 /* TabMicro.docc */; };
		B2FCB1142B928A1E00082CE6 /* TabMicro.framework in Frameworks */ = {isa = PBXBuildFile; fileRef = B2FCB1092B928A1E00082CE6 /* TabMicro.framework */; };
		B2FCB1192B928A1E00082CE6 /* TabMicroTests.swift in Sources */ = {isa = PBXBuildFile; fileRef = B2FCB1182B928A1E00082CE6 /* TabMicroTests.swift */; };
		B2FCB11A2B928A1E00082CE6 /* TabMicro.h in Headers */ = {isa = PBXBuildFile; fileRef = B2FCB10C2B928A1E00082CE6 /* TabMicro.h */; settings = {ATTRIBUTES = (Public, ); }; };
		B2FCB1242B928A6800082CE6 /* BottomTabView.swift in Sources */ = {isa = PBXBuildFile; fileRef = B2FCB1232B928A6800082CE6 /* BottomTabView.swift */; };
/* End PBXBuildFile section */

/* Begin PBXContainerItemProxy section */
		B2FCB1152B928A1E00082CE6 /* PBXContainerItemProxy */ = {
			isa = PBXContainerItemProxy;
			containerPortal = B2FCB1002B928A1E00082CE6 /* Project object */;
			proxyType = 1;
			remoteGlobalIDString = B2FCB1082B928A1E00082CE6;
			remoteInfo = TabMicro;
		};
/* End PBXContainerItemProxy section */

/* Begin PBXFileReference section */
		B2FCB1092B928A1E00082CE6 /* TabMicro.framework */ = {isa = PBXFileReference; explicitFileType = wrapper.framework; includeInIndex = 0; path = TabMicro.framework; sourceTree = BUILT_PRODUCTS_DIR; };
		B2FCB10C2B928A1E00082CE6 /* TabMicro.h */ = {isa = PBXFileReference; lastKnownFileType = sourcecode.c.h; path = TabMicro.h; sourceTree = "<group>"; };
		B2FCB10D2B928A1E00082CE6 /* TabMicro.docc */ = {isa = PBXFileReference; lastKnownFileType = folder.documentationcatalog; path = TabMicro.docc; sourceTree = "<group>"; };
		B2FCB1132B928A1E00082CE6 /* TabMicroTests.xctest */ = {isa = PBXFileReference; explicitFileType = wrapper.cfbundle; includeInIndex = 0; path = TabMicroTests.xctest; sourceTree = BUILT_PRODUCTS_DIR; };
		B2FCB1182B928A1E00082CE6 /* TabMicroTests.swift */ = {isa = PBXFileReference; lastKnownFileType = sourcecode.swift; path = TabMicroTests.swift; sourceTree = "<group>"; };
		B2FCB1232B928A6800082CE6 /* BottomTabView.swift */ = {isa = PBXFileReference; lastKnownFileType = sourcecode.swift; path = BottomTabView.swift; sourceTree = "<group>"; };
/* End PBXFileReference section */

/* Begin PBXFrameworksBuildPhase section */
		B2FCB1062B928A1E00082CE6 /* Frameworks */ = {
			isa = PBXFrameworksBuildPhase;
			buildActionMask = 2147483647;
			files = (
			);
			runOnlyForDeploymentPostprocessing = 0;
		};
		B2FCB1102B928A1E00082CE6 /* Frameworks */ = {
			isa = PBXFrameworksBuildPhase;
			buildActionMask = 2147483647;
			files = (
				B2FCB1142B928A1E00082CE6 /* TabMicro.framework in Frameworks */,
			);
			runOnlyForDeploymentPostprocessing = 0;
		};
/* End PBXFrameworksBuildPhase section */

/* Begin PBXGroup section */
		B2FCB0FF2B928A1E00082CE6 = {
			isa = PBXGroup;
			children = (
				B2FCB10B2B928A1E00082CE6 /* TabMicro */,
				B2FCB1172B928A1E00082CE6 /* TabMicroTests */,
				B2FCB10A2B928A1E00082CE6 /* Products */,
			);
			sourceTree = "<group>";
		};
		B2FCB10A2B928A1E00082CE6 /* Products */ = {
			isa = PBXGroup;
			children = (
				B2FCB1092B928A1E00082CE6 /* TabMicro.framework */,
				B2FCB1132B928A1E00082CE6 /* TabMicroTests.xctest */,
			);
			name = Products;
			sourceTree = "<group>";
		};
		B2FCB10B2B928A1E00082CE6 /* TabMicro */ = {
			isa = PBXGroup;
			children = (
				B2FCB10C2B928A1E00082CE6 /* TabMicro.h */,
				B2FCB10D2B928A1E00082CE6 /* TabMicro.docc */,
				B2FCB1232B928A6800082CE6 /* BottomTabView.swift */,
			);
			path = TabMicro;
			sourceTree = "<group>";
		};
		B2FCB1172B928A1E00082CE6 /* TabMicroTests */ = {
			isa = PBXGroup;
			children = (
				B2FCB1182B928A1E00082CE6 /* TabMicroTests.swift */,
			);
			path = TabMicroTests;
			sourceTree = "<group>";
		};
/* End PBXGroup section */

/* Begin PBXHeadersBuildPhase section */
		B2FCB1042B928A1E00082CE6 /* Headers */ = {
			isa = PBXHeadersBuildPhase;
			buildActionMask = 2147483647;
			files = (
				B2FCB11A2B928A1E00082CE6 /* TabMicro.h in Headers */,
			);
			runOnlyForDeploymentPostprocessing = 0;
		};
/* End PBXHeadersBuildPhase section */

/* Begin PBXNativeTarget section */
		B2FCB1082B928A1E00082CE6 /* TabMicro */ = {
			isa = PBXNativeTarget;
			buildConfigurationList = B2FCB11D2B928A1E00082CE6 /* Build configuration list for PBXNativeTarget "TabMicro" */;
			buildPhases = (
				B2FCB1042B928A1E00082CE6 /* Headers */,
				B2FCB1052B928A1E00082CE6 /* Sources */,
				B2FCB1062B928A1E00082CE6 /* Frameworks */,
				B2FCB1072B928A1E00082CE6 /* Resources */,
			);
			buildRules = (
			);
			dependencies = (
			);
			name = TabMicro;
			productName = TabMicro;
			productReference = B2FCB1092B928A1E00082CE6 /* TabMicro.framework */;
			productType = "com.apple.product-type.framework";
		};
		B2FCB1122B928A1E00082CE6 /* TabMicroTests */ = {
			isa = PBXNativeTarget;
			buildConfigurationList = B2FCB1202B928A1E00082CE6 /* Build configuration list for PBXNativeTarget "TabMicroTests" */;
			buildPhases = (
				B2FCB10F2B928A1E00082CE6 /* Sources */,
				B2FCB1102B928A1E00082CE6 /* Frameworks */,
				B2FCB1112B928A1E00082CE6 /* Resources */,
			);
			buildRules = (
			);
			dependencies = (
				B2FCB1162B928A1E00082CE6 /* PBXTargetDependency */,
			);
			name = TabMicroTests;
			productName = TabMicroTests;
			productReference = B2FCB1132B928A1E00082CE6 /* TabMicroTests.xctest */;
			productType = "com.apple.product-type.bundle.unit-test";
		};
/* End PBXNativeTarget section */

/* Begin PBXProject section */
		B2FCB1002B928A1E00082CE6 /* Project object */ = {
			isa = PBXProject;
			attributes = {
				BuildIndependentTargetsInParallel = 1;
				LastSwiftUpdateCheck = 1520;
				LastUpgradeCheck = 1520;
				TargetAttributes = {
					B2FCB1082B928A1E00082CE6 = {
						CreatedOnToolsVersion = 15.2;
					};
					B2FCB1122B928A1E00082CE6 = {
						CreatedOnToolsVersion = 15.2;
					};
				};
			};
			buildConfigurationList = B2FCB1032B928A1E00082CE6 /* Build configuration list for PBXProject "TabMicro" */;
			compatibilityVersion = "Xcode 14.0";
			developmentRegion = en;
			hasScannedForEncodings = 0;
			knownRegions = (
				en,
				Base,
			);
			mainGroup = B2FCB0FF2B928A1E00082CE6;
			productRefGroup = B2FCB10A2B928A1E00082CE6 /* Products */;
			projectDirPath = "";
			projectRoot = "";
			targets = (
				B2FCB1082B928A1E00082CE6 /* TabMicro */,
				B2FCB1122B928A1E00082CE6 /* TabMicroTests */,
			);
		};
/* End PBXProject section */

/* Begin PBXResourcesBuildPhase section */
		B2FCB1072B928A1E00082CE6 /* Resources */ = {
			isa = PBXResourcesBuildPhase;
			buildActionMask = 2147483647;
			files = (
			);
			runOnlyForDeploymentPostprocessing = 0;
		};
		B2FCB1112B928A1E00082CE6 /* Resources */ = {
			isa = PBXResourcesBuildPhase;
			buildActionMask = 2147483647;
			files = (
			);
			runOnlyForDeploymentPostprocessing = 0;
		};
/* End PBXResourcesBuildPhase section */

/* Begin PBXSourcesBuildPhase section */
		B2FCB1052B928A1E00082CE6 /* Sources */ = {
			isa = PBXSourcesBuildPhase;
			buildActionMask = 2147483647;
			files = (
				B2FCB10E2B928A1E00082CE6 /* TabMicro.docc in Sources */,
				B2FCB1242B928A6800082CE6 /* BottomTabView.swift in Sources */,
			);
			runOnlyForDeploymentPostprocessing = 0;
		};
		B2FCB10F2B928A1E00082CE6 /* Sources */ = {
			isa = PBXSourcesBuildPhase;
			buildActionMask = 2147483647;
			files = (
				B2FCB1192B928A1E00082CE6 /* TabMicroTests.swift in Sources */,
			);
			runOnlyForDeploymentPostprocessing = 0;
		};
/* End PBXSourcesBuildPhase section */

/* Begin PBXTargetDependency section */
		B2FCB1162B928A1E00082CE6 /* PBXTargetDependency */ = {
			isa = PBXTargetDependency;
			target = B2FCB1082B928A1E00082CE6 /* TabMicro */;
			targetProxy = B2FCB1152B928A1E00082CE6 /* PBXContainerItemProxy */;
		};
/* End PBXTargetDependency section */

/* Begin XCBuildConfiguration section */
		B2FCB11B2B928A1E00082CE6 /* Debug */ = {
			isa = XCBuildConfiguration;
			buildSettings = {
				ALWAYS_SEARCH_USER_PATHS = NO;
				ASSETCATALOG_COMPILER_GENERATE_SWIFT_ASSET_SYMBOL_EXTENSIONS = YES;
				CLANG_ANALYZER_NONNULL = YES;
				CLANG_ANALYZER_NUMBER_OBJECT_CONVERSION = YES_AGGRESSIVE;
				CLANG_CXX_LANGUAGE_STANDARD = "gnu++20";
				CLANG_ENABLE_MODULES = YES;
				CLANG_ENABLE_OBJC_ARC = YES;
				CLANG_ENABLE_OBJC_WEAK = YES;
				CLANG_WARN_BLOCK_CAPTURE_AUTORELEASING = YES;
				CLANG_WARN_BOOL_CONVERSION = YES;
				CLANG_WARN_COMMA = YES;
				CLANG_WARN_CONSTANT_CONVERSION = YES;
				CLANG_WARN_DEPRECATED_OBJC_IMPLEMENTATIONS = YES;
				CLANG_WARN_DIRECT_OBJC_ISA_USAGE = YES_ERROR;
				CLANG_WARN_DOCUMENTATION_COMMENTS = YES;
				CLANG_WARN_EMPTY_BODY = YES;
				CLANG_WARN_ENUM_CONVERSION = YES;
				CLANG_WARN_INFINITE_RECURSION = YES;
				CLANG_WARN_INT_CONVERSION = YES;
				CLANG_WARN_NON_LITERAL_NULL_CONVERSION = YES;
				CLANG_WARN_OBJC_IMPLICIT_RETAIN_SELF = YES;
				CLANG_WARN_OBJC_LITERAL_CONVERSION = YES;
				CLANG_WARN_OBJC_ROOT_CLASS = YES_ERROR;
				CLANG_WARN_QUOTED_INCLUDE_IN_FRAMEWORK_HEADER = YES;
				CLANG_WARN_RANGE_LOOP_ANALYSIS = YES;
				CLANG_WARN_STRICT_PROTOTYPES = YES;
				CLANG_WARN_SUSPICIOUS_MOVE = YES;
				CLANG_WARN_UNGUARDED_AVAILABILITY = YES_AGGRESSIVE;
				CLANG_WARN_UNREACHABLE_CODE = YES;
				CLANG_WARN__DUPLICATE_METHOD_MATCH = YES;
				COPY_PHASE_STRIP = NO;
				CURRENT_PROJECT_VERSION = 1;
				DEBUG_INFORMATION_FORMAT = dwarf;
				ENABLE_STRICT_OBJC_MSGSEND = YES;
				ENABLE_TESTABILITY = YES;
				ENABLE_USER_SCRIPT_SANDBOXING = YES;
				GCC_C_LANGUAGE_STANDARD = gnu17;
				GCC_DYNAMIC_NO_PIC = NO;
				GCC_NO_COMMON_BLOCKS = YES;
				GCC_OPTIMIZATION_LEVEL = 0;
				GCC_PREPROCESSOR_DEFINITIONS = (
					"DEBUG=1",
					"$(inherited)",
				);
				GCC_WARN_64_TO_32_BIT_CONVERSION = YES;
				GCC_WARN_ABOUT_RETURN_TYPE = YES_ERROR;
				GCC_WARN_UNDECLARED_SELECTOR = YES;
				GCC_WARN_UNINITIALIZED_AUTOS = YES_AGGRESSIVE;
				GCC_WARN_UNUSED_FUNCTION = YES;
				GCC_WARN_UNUSED_VARIABLE = YES;
				IPHONEOS_DEPLOYMENT_TARGET = 17.2;
				LOCALIZATION_PREFERS_STRING_CATALOGS = YES;
				MTL_ENABLE_DEBUG_INFO = INCLUDE_SOURCE;
				MTL_FAST_MATH = YES;
				ONLY_ACTIVE_ARCH = YES;
				SDKROOT = iphoneos;
				SWIFT_ACTIVE_COMPILATION_CONDITIONS = "DEBUG $(inherited)";
				SWIFT_OPTIMIZATION_LEVEL = "-Onone";
				VERSIONING_SYSTEM = "apple-generic";
				VERSION_INFO_PREFIX = "";
			};
			name = Debug;
		};
		B2FCB11C2B928A1E00082CE6 /* Release */ = {
			isa = XCBuildConfiguration;
			buildSettings = {
				ALWAYS_SEARCH_USER_PATHS = NO;
				ASSETCATALOG_COMPILER_GENERATE_SWIFT_ASSET_SYMBOL_EXTENSIONS = YES;
				CLANG_ANALYZER_NONNULL = YES;
				CLANG_ANALYZER_NUMBER_OBJECT_CONVERSION = YES_AGGRESSIVE;
				CLANG_CXX_LANGUAGE_STANDARD = "gnu++20";
				CLANG_ENABLE_MODULES = YES;
				CLANG_ENABLE_OBJC_ARC = YES;
				CLANG_ENABLE_OBJC_WEAK = YES;
				CLANG_WARN_BLOCK_CAPTURE_AUTORELEASING = YES;
				CLANG_WARN_BOOL_CONVERSION = YES;
				CLANG_WARN_COMMA = YES;
				CLANG_WARN_CONSTANT_CONVERSION = YES;
				CLANG_WARN_DEPRECATED_OBJC_IMPLEMENTATIONS = YES;
				CLANG_WARN_DIRECT_OBJC_ISA_USAGE = YES_ERROR;
				CLANG_WARN_DOCUMENTATION_COMMENTS = YES;
				CLANG_WARN_EMPTY_BODY = YES;
				CLANG_WARN_ENUM_CONVERSION = YES;
				CLANG_WARN_INFINITE_RECURSION = YES;
				CLANG_WARN_INT_CONVERSION = YES;
				CLANG_WARN_NON_LITERAL_NULL_CONVERSION = YES;
				CLANG_WARN_OBJC_IMPLICIT_RETAIN_SELF = YES;
				CLANG_WARN_OBJC_LITERAL_CONVERSION = YES;
				CLANG_WARN_OBJC_ROOT_CLASS = YES_ERROR;
				CLANG_WARN_QUOTED_INCLUDE_IN_FRAMEWORK_HEADER = YES;
				CLANG_WARN_RANGE_LOOP_ANALYSIS = YES;
				CLANG_WARN_STRICT_PROTOTYPES = YES;
				CLANG_WARN_SUSPICIOUS_MOVE = YES;
				CLANG_WARN_UNGUARDED_AVAILABILITY = YES_AGGRESSIVE;
				CLANG_WARN_UNREACHABLE_CODE = YES;
				CLANG_WARN__DUPLICATE_METHOD_MATCH = YES;
				COPY_PHASE_STRIP = NO;
				CURRENT_PROJECT_VERSION = 1;
				DEBUG_INFORMATION_FORMAT = "dwarf-with-dsym";
				ENABLE_NS_ASSERTIONS = NO;
				ENABLE_STRICT_OBJC_MSGSEND = YES;
				ENABLE_USER_SCRIPT_SANDBOXING = YES;
				GCC_C_LANGUAGE_STANDARD = gnu17;
				GCC_NO_COMMON_BLOCKS = YES;
				GCC_WARN_64_TO_32_BIT_CONVERSION = YES;
				GCC_WARN_ABOUT_RETURN_TYPE = YES_ERROR;
				GCC_WARN_UNDECLARED_SELECTOR = YES;
				GCC_WARN_UNINITIALIZED_AUTOS = YES_AGGRESSIVE;
				GCC_WARN_UNUSED_FUNCTION = YES;
				GCC_WARN_UNUSED_VARIABLE = YES;
				IPHONEOS_DEPLOYMENT_TARGET = 17.2;
				LOCALIZATION_PREFERS_STRING_CATALOGS = YES;
				MTL_ENABLE_DEBUG_INFO = NO;
				MTL_FAST_MATH = YES;
				SDKROOT = iphoneos;
				SWIFT_COMPILATION_MODE = wholemodule;
				VALIDATE_PRODUCT = YES;
				VERSIONING_SYSTEM = "apple-generic";
				VERSION_INFO_PREFIX = "";
			};
			name = Release;
		};
		B2FCB11E2B928A1E00082CE6 /* Debug */ = {
			isa = XCBuildConfiguration;
			buildSettings = {
				CODE_SIGN_STYLE = Automatic;
				CURRENT_PROJECT_VERSION = 1;
				DEFINES_MODULE = YES;
				DYLIB_COMPATIBILITY_VERSION = 1;
				DYLIB_CURRENT_VERSION = 1;
				DYLIB_INSTALL_NAME_BASE = "@rpath";
				ENABLE_MODULE_VERIFIER = YES;
				GENERATE_INFOPLIST_FILE = YES;
				INFOPLIST_KEY_NSHumanReadableCopyright = "";
				INSTALL_PATH = "$(LOCAL_LIBRARY_DIR)/Frameworks";
				LD_RUNPATH_SEARCH_PATHS = (
					"$(inherited)",
					"@executable_path/Frameworks",
					"@loader_path/Frameworks",
				);
				MARKETING_VERSION = 1.0;
				MODULE_VERIFIER_SUPPORTED_LANGUAGES = "objective-c objective-c++";
				MODULE_VERIFIER_SUPPORTED_LANGUAGE_STANDARDS = "gnu17 gnu++20";
				PRODUCT_BUNDLE_IDENTIFIER = com.leemccormick.TabMicro;
				PRODUCT_NAME = "$(TARGET_NAME:c99extidentifier)";
				SKIP_INSTALL = YES;
				SWIFT_EMIT_LOC_STRINGS = YES;
				SWIFT_VERSION = 5.0;
				TARGETED_DEVICE_FAMILY = "1,2";
			};
			name = Debug;
		};
		B2FCB11F2B928A1E00082CE6 /* Release */ = {
			isa = XCBuildConfiguration;
			buildSettings = {
				CODE_SIGN_STYLE = Automatic;
				CURRENT_PROJECT_VERSION = 1;
				DEFINES_MODULE = YES;
				DYLIB_COMPATIBILITY_VERSION = 1;
				DYLIB_CURRENT_VERSION = 1;
				DYLIB_INSTALL_NAME_BASE = "@rpath";
				ENABLE_MODULE_VERIFIER = YES;
				GENERATE_INFOPLIST_FILE = YES;
				INFOPLIST_KEY_NSHumanReadableCopyright = "";
				INSTALL_PATH = "$(LOCAL_LIBRARY_DIR)/Frameworks";
				LD_RUNPATH_SEARCH_PATHS = (
					"$(inherited)",
					"@executable_path/Frameworks",
					"@loader_path/Frameworks",
				);
				MARKETING_VERSION = 1.0;
				MODULE_VERIFIER_SUPPORTED_LANGUAGES = "objective-c objective-c++";
				MODULE_VERIFIER_SUPPORTED_LANGUAGE_STANDARDS = "gnu17 gnu++20";
				PRODUCT_BUNDLE_IDENTIFIER = com.leemccormick.TabMicro;
				PRODUCT_NAME = "$(TARGET_NAME:c99extidentifier)";
				SKIP_INSTALL = YES;
				SWIFT_EMIT_LOC_STRINGS = YES;
				SWIFT_VERSION = 5.0;
				TARGETED_DEVICE_FAMILY = "1,2";
			};
			name = Release;
		};
		B2FCB1212B928A1E00082CE6 /* Debug */ = {
			isa = XCBuildConfiguration;
			buildSettings = {
				ALWAYS_EMBED_SWIFT_STANDARD_LIBRARIES = YES;
				CODE_SIGN_STYLE = Automatic;
				CURRENT_PROJECT_VERSION = 1;
				GENERATE_INFOPLIST_FILE = YES;
				MARKETING_VERSION = 1.0;
				PRODUCT_BUNDLE_IDENTIFIER = com.leemccormick.TabMicroTests;
				PRODUCT_NAME = "$(TARGET_NAME)";
				SWIFT_EMIT_LOC_STRINGS = NO;
				SWIFT_VERSION = 5.0;
				TARGETED_DEVICE_FAMILY = "1,2";
			};
			name = Debug;
		};
		B2FCB1222B928A1E00082CE6 /* Release */ = {
			isa = XCBuildConfiguration;
			buildSettings = {
				ALWAYS_EMBED_SWIFT_STANDARD_LIBRARIES = YES;
				CODE_SIGN_STYLE = Automatic;
				CURRENT_PROJECT_VERSION = 1;
				GENERATE_INFOPLIST_FILE = YES;
				MARKETING_VERSION = 1.0;
				PRODUCT_BUNDLE_IDENTIFIER = com.leemccormick.TabMicroTests;
				PRODUCT_NAME = "$(TARGET_NAME)";
				SWIFT_EMIT_LOC_STRINGS = NO;
				SWIFT_VERSION = 5.0;
				TARGETED_DEVICE_FAMILY = "1,2";
			};
			name = Release;
		};
/* End XCBuildConfiguration section */

/* Begin XCConfigurationList section */
		B2FCB1032B928A1E00082CE6 /* Build configuration list for PBXProject "TabMicro" */ = {
			isa = XCConfigurationList;
			buildConfigurations = (
				B2FCB11B2B928A1E00082CE6 /* Debug */,
				B2FCB11C2B928A1E00082CE6 /* Release */,
			);
			defaultConfigurationIsVisible = 0;
			defaultConfigurationName = Release;
		};
		B2FCB11D2B928A1E00082CE6 /* Build configuration list for PBXNativeTarget "TabMicro" */ = {
			isa = XCConfigurationList;
			buildConfigurations = (
				B2FCB11E2B928A1E00082CE6 /* Debug */,
				B2FCB11F2B928A1E00082CE6 /* Release */,
			);
			defaultConfigurationIsVisible = 0;
			defaultConfigurationName = Release;
		};
		B2FCB1202B928A1E00082CE6 /* Build configuration list for PBXNativeTarget "TabMicroTests" */ = {
			isa = XCConfigurationList;
			buildConfigurations = (
				B2FCB1212B928A1E00082CE6 /* Debug */,
				B2FCB1222B928A1E00082CE6 /* Release */,
			);
			defaultConfigurationIsVisible = 0;
			defaultConfigurationName = Release;
		};
/* End XCConfigurationList section */
	};
	rootObject = B2FCB1002B928A1E00082CE6 /* Project object */;
}
